// !$*UTF8*$!
{
	archiveVersion = 1;
	classes = {
	};
	objectVersion = 48;
	objects = {

/* Begin PBXBuildFile section */
		93412878205FBD0D0008BF54 /* SceneKit.framework in Frameworks */ = {isa = PBXBuildFile; fileRef = 93412877205FBD0C0008BF54 /* SceneKit.framework */; };
		9341287A205FBD300008BF54 /* ARKit.framework in Frameworks */ = {isa = PBXBuildFile; fileRef = 93412879205FBD300008BF54 /* ARKit.framework */; };
		9341287C205FBD3A0008BF54 /* UIKit.framework in Frameworks */ = {isa = PBXBuildFile; fileRef = 9341287B205FBD3A0008BF54 /* UIKit.framework */; };
		9341289A206093360008BF54 /* robotHead.scn in Resources */ = {isa = PBXBuildFile; fileRef = 93412874205FBCAB0008BF54 /* robotHead.scn */; };
		9379EA882060D9120096146A /* WXHARRecorder.m in Sources */ = {isa = PBXBuildFile; fileRef = 9379EA842060D9110096146A /* WXHARRecorder.m */; };
		9379EA892060D9120096146A /* WXHAssetWriter.m in Sources */ = {isa = PBXBuildFile; fileRef = 9379EA862060D9110096146A /* WXHAssetWriter.m */; };
		93B09B43205F815E006D9EA7 /* AppDelegate.m in Sources */ = {isa = PBXBuildFile; fileRef = 93B09B42205F815E006D9EA7 /* AppDelegate.m */; };
		93B09B46205F815F006D9EA7 /* ViewController.m in Sources */ = {isa = PBXBuildFile; fileRef = 93B09B45205F815F006D9EA7 /* ViewController.m */; };
		93B09B49205F815F006D9EA7 /* Main.storyboard in Resources */ = {isa = PBXBuildFile; fileRef = 93B09B47205F815F006D9EA7 /* Main.storyboard */; };
		93B09B4B205F815F006D9EA7 /* Assets.xcassets in Resources */ = {isa = PBXBuildFile; fileRef = 93B09B4A205F815F006D9EA7 /* Assets.xcassets */; };
		93B09B4E205F815F006D9EA7 /* LaunchScreen.storyboard in Resources */ = {isa = PBXBuildFile; fileRef = 93B09B4C205F815F006D9EA7 /* LaunchScreen.storyboard */; };
		93B09B51205F815F006D9EA7 /* main.m in Sources */ = {isa = PBXBuildFile; fileRef = 93B09B50205F815F006D9EA7 /* main.m */; };
		93B09B5B205F815F006D9EA7 /* ARkitFaceExampleTests.m in Sources */ = {isa = PBXBuildFile; fileRef = 93B09B5A205F815F006D9EA7 /* ARkitFaceExampleTests.m */; };
		93B09B66205F815F006D9EA7 /* ARkitFaceExampleUITests.m in Sources */ = {isa = PBXBuildFile; fileRef = 93B09B65205F815F006D9EA7 /* ARkitFaceExampleUITests.m */; };
		93B09B75205F8215006D9EA7 /* VirtualContentUpdater.m in Sources */ = {isa = PBXBuildFile; fileRef = 93B09B74205F8215006D9EA7 /* VirtualContentUpdater.m */; };
		93B09BB5205F96C9006D9EA7 /* RobotHead.m in Sources */ = {isa = PBXBuildFile; fileRef = 93B09BB4205F96C9006D9EA7 /* RobotHead.m */; };
/* End PBXBuildFile section */

/* Begin PBXContainerItemProxy section */
		93B09B57205F815F006D9EA7 /* PBXContainerItemProxy */ = {
			isa = PBXContainerItemProxy;
			containerPortal = 93B09B36205F815E006D9EA7 /* Project object */;
			proxyType = 1;
			remoteGlobalIDString = 93B09B3D205F815E006D9EA7;
			remoteInfo = ARkitFaceExample;
		};
		93B09B62205F815F006D9EA7 /* PBXContainerItemProxy */ = {
			isa = PBXContainerItemProxy;
			containerPortal = 93B09B36205F815E006D9EA7 /* Project object */;
			proxyType = 1;
			remoteGlobalIDString = 93B09B3D205F815E006D9EA7;
			remoteInfo = ARkitFaceExample;
		};
/* End PBXContainerItemProxy section */

/* Begin PBXFileReference section */
		93412874205FBCAB0008BF54 /* robotHead.scn */ = {isa = PBXFileReference; lastKnownFileType = file.bplist; name = robotHead.scn; path = /Users/wangwensi/Desktop/ARkitFaceExample/ARkitFaceExample/robotHead.scn; sourceTree = "<absolute>"; };
		93412877205FBD0C0008BF54 /* SceneKit.framework */ = {isa = PBXFileReference; lastKnownFileType = wrapper.framework; name = SceneKit.framework; path = System/Library/Frameworks/SceneKit.framework; sourceTree = SDKROOT; };
		93412879205FBD300008BF54 /* ARKit.framework */ = {isa = PBXFileReference; lastKnownFileType = wrapper.framework; name = ARKit.framework; path = System/Library/Frameworks/ARKit.framework; sourceTree = SDKROOT; };
		9341287B205FBD3A0008BF54 /* UIKit.framework */ = {isa = PBXFileReference; lastKnownFileType = wrapper.framework; name = UIKit.framework; path = System/Library/Frameworks/UIKit.framework; sourceTree = SDKROOT; };
		9379EA842060D9110096146A /* WXHARRecorder.m */ = {isa = PBXFileReference; fileEncoding = 4; lastKnownFileType = sourcecode.c.objc; path = WXHARRecorder.m; sourceTree = "<group>"; };
		9379EA852060D9110096146A /* WXHAssetWriter.h */ = {isa = PBXFileReference; fileEncoding = 4; lastKnownFileType = sourcecode.c.h; path = WXHAssetWriter.h; sourceTree = "<group>"; };
		9379EA862060D9110096146A /* WXHAssetWriter.m */ = {isa = PBXFileReference; fileEncoding = 4; lastKnownFileType = sourcecode.c.objc; path = WXHAssetWriter.m; sourceTree = "<group>"; };
		9379EA872060D9110096146A /* WXHARRecorder.h */ = {isa = PBXFileReference; fileEncoding = 4; lastKnownFileType = sourcecode.c.h; path = WXHARRecorder.h; sourceTree = "<group>"; };
		93B09B3E205F815E006D9EA7 /* ARkitFaceExample.app */ = {isa = PBXFileReference; explicitFileType = wrapper.application; includeInIndex = 0; path = ARkitFaceExample.app; sourceTree = BUILT_PRODUCTS_DIR; };
		93B09B41205F815E006D9EA7 /* AppDelegate.h */ = {isa = PBXFileReference; lastKnownFileType = sourcecode.c.h; path = AppDelegate.h; sourceTree = "<group>"; };
		93B09B42205F815E006D9EA7 /* AppDelegate.m */ = {isa = PBXFileReference; lastKnownFileType = sourcecode.c.objc; path = AppDelegate.m; sourceTree = "<group>"; };
		93B09B44205F815F006D9EA7 /* ViewController.h */ = {isa = PBXFileReference; lastKnownFileType = sourcecode.c.h; path = ViewController.h; sourceTree = "<group>"; };
		93B09B45205F815F006D9EA7 /* ViewController.m */ = {isa = PBXFileReference; lastKnownFileType = sourcecode.c.objc; path = ViewController.m; sourceTree = "<group>"; };
		93B09B48205F815F006D9EA7 /* Base */ = {isa = PBXFileReference; lastKnownFileType = file.storyboard; name = Base; path = Base.lproj/Main.storyboard; sourceTree = "<group>"; };
		93B09B4A205F815F006D9EA7 /* Assets.xcassets */ = {isa = PBXFileReference; lastKnownFileType = folder.assetcatalog; path = Assets.xcassets; sourceTree = "<group>"; };
		93B09B4D205F815F006D9EA7 /* Base */ = {isa = PBXFileReference; lastKnownFileType = file.storyboard; name = Base; path = Base.lproj/LaunchScreen.storyboard; sourceTree = "<group>"; };
		93B09B4F205F815F006D9EA7 /* Info.plist */ = {isa = PBXFileReference; lastKnownFileType = text.plist.xml; path = Info.plist; sourceTree = "<group>"; };
		93B09B50205F815F006D9EA7 /* main.m */ = {isa = PBXFileReference; lastKnownFileType = sourcecode.c.objc; path = main.m; sourceTree = "<group>"; };
		93B09B56205F815F006D9EA7 /* ARkitFaceExampleTests.xctest */ = {isa = PBXFileReference; explicitFileType = wrapper.cfbundle; includeInIndex = 0; path = ARkitFaceExampleTests.xctest; sourceTree = BUILT_PRODUCTS_DIR; };
		93B09B5A205F815F006D9EA7 /* ARkitFaceExampleTests.m */ = {isa = PBXFileReference; lastKnownFileType = sourcecode.c.objc; path = ARkitFaceExampleTests.m; sourceTree = "<group>"; };
		93B09B5C205F815F006D9EA7 /* Info.plist */ = {isa = PBXFileReference; lastKnownFileType = text.plist.xml; path = Info.plist; sourceTree = "<group>"; };
		93B09B61205F815F006D9EA7 /* ARkitFaceExampleUITests.xctest */ = {isa = PBXFileReference; explicitFileType = wrapper.cfbundle; includeInIndex = 0; path = ARkitFaceExampleUITests.xctest; sourceTree = BUILT_PRODUCTS_DIR; };
		93B09B65205F815F006D9EA7 /* ARkitFaceExampleUITests.m */ = {isa = PBXFileReference; lastKnownFileType = sourcecode.c.objc; path = ARkitFaceExampleUITests.m; sourceTree = "<group>"; };
		93B09B67205F815F006D9EA7 /* Info.plist */ = {isa = PBXFileReference; lastKnownFileType = text.plist.xml; path = Info.plist; sourceTree = "<group>"; };
		93B09B73205F8215006D9EA7 /* VirtualContentUpdater.h */ = {isa = PBXFileReference; lastKnownFileType = sourcecode.c.h; path = VirtualContentUpdater.h; sourceTree = "<group>"; };
		93B09B74205F8215006D9EA7 /* VirtualContentUpdater.m */ = {isa = PBXFileReference; lastKnownFileType = sourcecode.c.objc; path = VirtualContentUpdater.m; sourceTree = "<group>"; };
		93B09BB3205F96C9006D9EA7 /* RobotHead.h */ = {isa = PBXFileReference; lastKnownFileType = sourcecode.c.h; path = RobotHead.h; sourceTree = "<group>"; };
		93B09BB4205F96C9006D9EA7 /* RobotHead.m */ = {isa = PBXFileReference; lastKnownFileType = sourcecode.c.objc; path = RobotHead.m; sourceTree = "<group>"; };
/* End PBXFileReference section */

/* Begin PBXFrameworksBuildPhase section */
		93B09B3B205F815E006D9EA7 /* Frameworks */ = {
			isa = PBXFrameworksBuildPhase;
			buildActionMask = 2147483647;
			files = (
				9341287C205FBD3A0008BF54 /* UIKit.framework in Frameworks */,
				9341287A205FBD300008BF54 /* ARKit.framework in Frameworks */,
				93412878205FBD0D0008BF54 /* SceneKit.framework in Frameworks */,
			);
			runOnlyForDeploymentPostprocessing = 0;
		};
		93B09B53205F815F006D9EA7 /* Frameworks */ = {
			isa = PBXFrameworksBuildPhase;
			buildActionMask = 2147483647;
			files = (
			);
			runOnlyForDeploymentPostprocessing = 0;
		};
		93B09B5E205F815F006D9EA7 /* Frameworks */ = {
			isa = PBXFrameworksBuildPhase;
			buildActionMask = 2147483647;
			files = (
			);
			runOnlyForDeploymentPostprocessing = 0;
		};
/* End PBXFrameworksBuildPhase section */

/* Begin PBXGroup section */
		93412876205FBD0C0008BF54 /* Frameworks */ = {
			isa = PBXGroup;
			children = (
				9341287B205FBD3A0008BF54 /* UIKit.framework */,
				93412879205FBD300008BF54 /* ARKit.framework */,
				93412877205FBD0C0008BF54 /* SceneKit.framework */,
			);
			name = Frameworks;
			sourceTree = "<group>";
		};
		9379EA832060D9110096146A /* WXHARRecorder */ = {
			isa = PBXGroup;
			children = (
				9379EA872060D9110096146A /* WXHARRecorder.h */,
				9379EA842060D9110096146A /* WXHARRecorder.m */,
				9379EA852060D9110096146A /* WXHAssetWriter.h */,
				9379EA862060D9110096146A /* WXHAssetWriter.m */,
			);
			path = WXHARRecorder;
			sourceTree = "<group>";
		};
		93B09B35205F815E006D9EA7 = {
			isa = PBXGroup;
			children = (
				93B09B40205F815E006D9EA7 /* ARkitFaceExample */,
				93B09B59205F815F006D9EA7 /* ARkitFaceExampleTests */,
				93B09B64205F815F006D9EA7 /* ARkitFaceExampleUITests */,
				93B09B3F205F815E006D9EA7 /* Products */,
				93412876205FBD0C0008BF54 /* Frameworks */,
			);
			sourceTree = "<group>";
		};
		93B09B3F205F815E006D9EA7 /* Products */ = {
			isa = PBXGroup;
			children = (
				93B09B3E205F815E006D9EA7 /* ARkitFaceExample.app */,
				93B09B56205F815F006D9EA7 /* ARkitFaceExampleTests.xctest */,
				93B09B61205F815F006D9EA7 /* ARkitFaceExampleUITests.xctest */,
			);
			name = Products;
			sourceTree = "<group>";
		};
		93B09B40205F815E006D9EA7 /* ARkitFaceExample */ = {
			isa = PBXGroup;
			children = (
				9379EA832060D9110096146A /* WXHARRecorder */,
				93B09B41205F815E006D9EA7 /* AppDelegate.h */,
				93B09B42205F815E006D9EA7 /* AppDelegate.m */,
				93B09B44205F815F006D9EA7 /* ViewController.h */,
				93B09B45205F815F006D9EA7 /* ViewController.m */,
				93412874205FBCAB0008BF54 /* robotHead.scn */,
				93B09B47205F815F006D9EA7 /* Main.storyboard */,
				93B09B4A205F815F006D9EA7 /* Assets.xcassets */,
				93B09B4C205F815F006D9EA7 /* LaunchScreen.storyboard */,
				93B09B4F205F815F006D9EA7 /* Info.plist */,
				93B09B50205F815F006D9EA7 /* main.m */,
				93B09B73205F8215006D9EA7 /* VirtualContentUpdater.h */,
				93B09B74205F8215006D9EA7 /* VirtualContentUpdater.m */,
				93B09BB3205F96C9006D9EA7 /* RobotHead.h */,
				93B09BB4205F96C9006D9EA7 /* RobotHead.m */,
			);
			path = ARkitFaceExample;
			sourceTree = "<group>";
		};
		93B09B59205F815F006D9EA7 /* ARkitFaceExampleTests */ = {
			isa = PBXGroup;
			children = (
				93B09B5A205F815F006D9EA7 /* ARkitFaceExampleTests.m */,
				93B09B5C205F815F006D9EA7 /* Info.plist */,
			);
			path = ARkitFaceExampleTests;
			sourceTree = "<group>";
		};
		93B09B64205F815F006D9EA7 /* ARkitFaceExampleUITests */ = {
			isa = PBXGroup;
			children = (
				93B09B65205F815F006D9EA7 /* ARkitFaceExampleUITests.m */,
				93B09B67205F815F006D9EA7 /* Info.plist */,
			);
			path = ARkitFaceExampleUITests;
			sourceTree = "<group>";
		};
/* End PBXGroup section */

/* Begin PBXNativeTarget section */
		93B09B3D205F815E006D9EA7 /* ARkitFaceExample */ = {
			isa = PBXNativeTarget;
			buildConfigurationList = 93B09B6A205F815F006D9EA7 /* Build configuration list for PBXNativeTarget "ARkitFaceExample" */;
			buildPhases = (
				93B09B3A205F815E006D9EA7 /* Sources */,
				93B09B3B205F815E006D9EA7 /* Frameworks */,
				93B09B3C205F815E006D9EA7 /* Resources */,
			);
			buildRules = (
			);
			dependencies = (
			);
			name = ARkitFaceExample;
			productName = ARkitFaceExample;
			productReference = 93B09B3E205F815E006D9EA7 /* ARkitFaceExample.app */;
			productType = "com.apple.product-type.application";
		};
		93B09B55205F815F006D9EA7 /* ARkitFaceExampleTests */ = {
			isa = PBXNativeTarget;
			buildConfigurationList = 93B09B6D205F815F006D9EA7 /* Build configuration list for PBXNativeTarget "ARkitFaceExampleTests" */;
			buildPhases = (
				93B09B52205F815F006D9EA7 /* Sources */,
				93B09B53205F815F006D9EA7 /* Frameworks */,
				93B09B54205F815F006D9EA7 /* Resources */,
			);
			buildRules = (
			);
			dependencies = (
				93B09B58205F815F006D9EA7 /* PBXTargetDependency */,
			);
			name = ARkitFaceExampleTests;
			productName = ARkitFaceExampleTests;
			productReference = 93B09B56205F815F006D9EA7 /* ARkitFaceExampleTests.xctest */;
			productType = "com.apple.product-type.bundle.unit-test";
		};
		93B09B60205F815F006D9EA7 /* ARkitFaceExampleUITests */ = {
			isa = PBXNativeTarget;
			buildConfigurationList = 93B09B70205F815F006D9EA7 /* Build configuration list for PBXNativeTarget "ARkitFaceExampleUITests" */;
			buildPhases = (
				93B09B5D205F815F006D9EA7 /* Sources */,
				93B09B5E205F815F006D9EA7 /* Frameworks */,
				93B09B5F205F815F006D9EA7 /* Resources */,
			);
			buildRules = (
			);
			dependencies = (
				93B09B63205F815F006D9EA7 /* PBXTargetDependency */,
			);
			name = ARkitFaceExampleUITests;
			productName = ARkitFaceExampleUITests;
			productReference = 93B09B61205F815F006D9EA7 /* ARkitFaceExampleUITests.xctest */;
			productType = "com.apple.product-type.bundle.ui-testing";
		};
/* End PBXNativeTarget section */

/* Begin PBXProject section */
		93B09B36205F815E006D9EA7 /* Project object */ = {
			isa = PBXProject;
			attributes = {
				LastUpgradeCheck = 0920;
				ORGANIZATIONNAME = ZOOM;
				TargetAttributes = {
					93B09B3D205F815E006D9EA7 = {
						CreatedOnToolsVersion = 9.2;
						ProvisioningStyle = Automatic;
					};
					93B09B55205F815F006D9EA7 = {
						CreatedOnToolsVersion = 9.2;
						ProvisioningStyle = Automatic;
						TestTargetID = 93B09B3D205F815E006D9EA7;
					};
					93B09B60205F815F006D9EA7 = {
						CreatedOnToolsVersion = 9.2;
						ProvisioningStyle = Automatic;
						TestTargetID = 93B09B3D205F815E006D9EA7;
					};
				};
			};
			buildConfigurationList = 93B09B39205F815E006D9EA7 /* Build configuration list for PBXProject "ARkitFaceExample" */;
			compatibilityVersion = "Xcode 8.0";
			developmentRegion = en;
			hasScannedForEncodings = 0;
			knownRegions = (
				en,
				Base,
			);
			mainGroup = 93B09B35205F815E006D9EA7;
			productRefGroup = 93B09B3F205F815E006D9EA7 /* Products */;
			projectDirPath = "";
			projectRoot = "";
			targets = (
				93B09B3D205F815E006D9EA7 /* ARkitFaceExample */,
				93B09B55205F815F006D9EA7 /* ARkitFaceExampleTests */,
				93B09B60205F815F006D9EA7 /* ARkitFaceExampleUITests */,
			);
		};
/* End PBXProject section */

/* Begin PBXResourcesBuildPhase section */
		93B09B3C205F815E006D9EA7 /* Resources */ = {
			isa = PBXResourcesBuildPhase;
			buildActionMask = 2147483647;
			files = (
				9341289A206093360008BF54 /* robotHead.scn in Resources */,
				93B09B4E205F815F006D9EA7 /* LaunchScreen.storyboard in Resources */,
				93B09B4B205F815F006D9EA7 /* Assets.xcassets in Resources */,
				93B09B49205F815F006D9EA7 /* Main.storyboard in Resources */,
			);
			runOnlyForDeploymentPostprocessing = 0;
		};
		93B09B54205F815F006D9EA7 /* Resources */ = {
			isa = PBXResourcesBuildPhase;
			buildActionMask = 2147483647;
			files = (
			);
			runOnlyForDeploymentPostprocessing = 0;
		};
		93B09B5F205F815F006D9EA7 /* Resources */ = {
			isa = PBXResourcesBuildPhase;
			buildActionMask = 2147483647;
			files = (
			);
			runOnlyForDeploymentPostprocessing = 0;
		};
/* End PBXResourcesBuildPhase section */

/* Begin PBXSourcesBuildPhase section */
		93B09B3A205F815E006D9EA7 /* Sources */ = {
			isa = PBXSourcesBuildPhase;
			buildActionMask = 2147483647;
			files = (
				9379EA892060D9120096146A /* WXHAssetWriter.m in Sources */,
				9379EA882060D9120096146A /* WXHARRecorder.m in Sources */,
				93B09B46205F815F006D9EA7 /* ViewController.m in Sources */,
				93B09B75205F8215006D9EA7 /* VirtualContentUpdater.m in Sources */,
				93B09B51205F815F006D9EA7 /* main.m in Sources */,
				93B09BB5205F96C9006D9EA7 /* RobotHead.m in Sources */,
				93B09B43205F815E006D9EA7 /* AppDelegate.m in Sources */,
			);
			runOnlyForDeploymentPostprocessing = 0;
		};
		93B09B52205F815F006D9EA7 /* Sources */ = {
			isa = PBXSourcesBuildPhase;
			buildActionMask = 2147483647;
			files = (
				93B09B5B205F815F006D9EA7 /* ARkitFaceExampleTests.m in Sources */,
			);
			runOnlyForDeploymentPostprocessing = 0;
		};
		93B09B5D205F815F006D9EA7 /* Sources */ = {
			isa = PBXSourcesBuildPhase;
			buildActionMask = 2147483647;
			files = (
				93B09B66205F815F006D9EA7 /* ARkitFaceExampleUITests.m in Sources */,
			);
			runOnlyForDeploymentPostprocessing = 0;
		};
/* End PBXSourcesBuildPhase section */

/* Begin PBXTargetDependency section */
		93B09B58205F815F006D9EA7 /* PBXTargetDependency */ = {
			isa = PBXTargetDependency;
			target = 93B09B3D205F815E006D9EA7 /* ARkitFaceExample */;
			targetProxy = 93B09B57205F815F006D9EA7 /* PBXContainerItemProxy */;
		};
		93B09B63205F815F006D9EA7 /* PBXTargetDependency */ = {
			isa = PBXTargetDependency;
			target = 93B09B3D205F815E006D9EA7 /* ARkitFaceExample */;
			targetProxy = 93B09B62205F815F006D9EA7 /* PBXContainerItemProxy */;
		};
/* End PBXTargetDependency section */

/* Begin PBXVariantGroup section */
		93B09B47205F815F006D9EA7 /* Main.storyboard */ = {
			isa = PBXVariantGroup;
			children = (
				93B09B48205F815F006D9EA7 /* Base */,
			);
			name = Main.storyboard;
			sourceTree = "<group>";
		};
		93B09B4C205F815F006D9EA7 /* LaunchScreen.storyboard */ = {
			isa = PBXVariantGroup;
			children = (
				93B09B4D205F815F006D9EA7 /* Base */,
			);
			name = LaunchScreen.storyboard;
			sourceTree = "<group>";
		};
/* End PBXVariantGroup section */

/* Begin XCBuildConfiguration section */
		93B09B68205F815F006D9EA7 /* Debug */ = {
			isa = XCBuildConfiguration;
			buildSettings = {
				ALWAYS_SEARCH_USER_PATHS = NO;
				CLANG_ANALYZER_NONNULL = YES;
				CLANG_ANALYZER_NUMBER_OBJECT_CONVERSION = YES_AGGRESSIVE;
				CLANG_CXX_LANGUAGE_STANDARD = "gnu++14";
				CLANG_CXX_LIBRARY = "libc++";
				CLANG_ENABLE_MODULES = YES;
				CLANG_ENABLE_OBJC_ARC = YES;
				CLANG_WARN_BLOCK_CAPTURE_AUTORELEASING = YES;
				CLANG_WARN_BOOL_CONVERSION = YES;
				CLANG_WARN_COMMA = YES;
				CLANG_WARN_CONSTANT_CONVERSION = YES;
				CLANG_WARN_DIRECT_OBJC_ISA_USAGE = YES_ERROR;
				CLANG_WARN_DOCUMENTATION_COMMENTS = YES;
				CLANG_WARN_EMPTY_BODY = YES;
				CLANG_WARN_ENUM_CONVERSION = YES;
				CLANG_WARN_INFINITE_RECURSION = YES;
				CLANG_WARN_INT_CONVERSION = YES;
				CLANG_WARN_NON_LITERAL_NULL_CONVERSION = YES;
				CLANG_WARN_OBJC_LITERAL_CONVERSION = YES;
				CLANG_WARN_OBJC_ROOT_CLASS = YES_ERROR;
				CLANG_WARN_RANGE_LOOP_ANALYSIS = YES;
				CLANG_WARN_STRICT_PROTOTYPES = YES;
				CLANG_WARN_SUSPICIOUS_MOVE = YES;
				CLANG_WARN_UNGUARDED_AVAILABILITY = YES_AGGRESSIVE;
				CLANG_WARN_UNREACHABLE_CODE = YES;
				CLANG_WARN__DUPLICATE_METHOD_MATCH = YES;
				CODE_SIGN_IDENTITY = "iPhone Developer";
				COPY_PHASE_STRIP = NO;
				DEBUG_INFORMATION_FORMAT = dwarf;
				ENABLE_STRICT_OBJC_MSGSEND = YES;
				ENABLE_TESTABILITY = YES;
				GCC_C_LANGUAGE_STANDARD = gnu11;
				GCC_DYNAMIC_NO_PIC = NO;
				GCC_NO_COMMON_BLOCKS = YES;
				GCC_OPTIMIZATION_LEVEL = 0;
				GCC_PREPROCESSOR_DEFINITIONS = (
					"DEBUG=1",
					"$(inherited)",
				);
				GCC_WARN_64_TO_32_BIT_CONVERSION = YES;
				GCC_WARN_ABOUT_RETURN_TYPE = YES_ERROR;
				GCC_WARN_UNDECLARED_SELECTOR = YES;
				GCC_WARN_UNINITIALIZED_AUTOS = YES_AGGRESSIVE;
				GCC_WARN_UNUSED_FUNCTION = YES;
				GCC_WARN_UNUSED_VARIABLE = YES;
				IPHONEOS_DEPLOYMENT_TARGET = 11.2;
				MTL_ENABLE_DEBUG_INFO = YES;
				ONLY_ACTIVE_ARCH = YES;
				SDKROOT = iphoneos;
			};
			name = Debug;
		};
		93B09B69205F815F006D9EA7 /* Release */ = {
			isa = XCBuildConfiguration;
			buildSettings = {
				ALWAYS_SEARCH_USER_PATHS = NO;
				CLANG_ANALYZER_NONNULL = YES;
				CLANG_ANALYZER_NUMBER_OBJECT_CONVERSION = YES_AGGRESSIVE;
				CLANG_CXX_LANGUAGE_STANDARD = "gnu++14";
				CLANG_CXX_LIBRARY = "libc++";
				CLANG_ENABLE_MODULES = YES;
				CLANG_ENABLE_OBJC_ARC = YES;
				CLANG_WARN_BLOCK_CAPTURE_AUTORELEASING = YES;
				CLANG_WARN_BOOL_CONVERSION = YES;
				CLANG_WARN_COMMA = YES;
				CLANG_WARN_CONSTANT_CONVERSION = YES;
				CLANG_WARN_DIRECT_OBJC_ISA_USAGE = YES_ERROR;
				CLANG_WARN_DOCUMENTATION_COMMENTS = YES;
				CLANG_WARN_EMPTY_BODY = YES;
				CLANG_WARN_ENUM_CONVERSION = YES;
				CLANG_WARN_INFINITE_RECURSION = YES;
				CLANG_WARN_INT_CONVERSION = YES;
				CLANG_WARN_NON_LITERAL_NULL_CONVERSION = YES;
				CLANG_WARN_OBJC_LITERAL_CONVERSION = YES;
				CLANG_WARN_OBJC_ROOT_CLASS = YES_ERROR;
				CLANG_WARN_RANGE_LOOP_ANALYSIS = YES;
				CLANG_WARN_STRICT_PROTOTYPES = YES;
				CLANG_WARN_SUSPICIOUS_MOVE = YES;
				CLANG_WARN_UNGUARDED_AVAILABILITY = YES_AGGRESSIVE;
				CLANG_WARN_UNREACHABLE_CODE = YES;
				CLANG_WARN__DUPLICATE_METHOD_MATCH = YES;
				CODE_SIGN_IDENTITY = "iPhone Developer";
				COPY_PHASE_STRIP = NO;
				DEBUG_INFORMATION_FORMAT = "dwarf-with-dsym";
				ENABLE_NS_ASSERTIONS = NO;
				ENABLE_STRICT_OBJC_MSGSEND = YES;
				GCC_C_LANGUAGE_STANDARD = gnu11;
				GCC_NO_COMMON_BLOCKS = YES;
				GCC_WARN_64_TO_32_BIT_CONVERSION = YES;
				GCC_WARN_ABOUT_RETURN_TYPE = YES_ERROR;
				GCC_WARN_UNDECLARED_SELECTOR = YES;
				GCC_WARN_UNINITIALIZED_AUTOS = YES_AGGRESSIVE;
				GCC_WARN_UNUSED_FUNCTION = YES;
				GCC_WARN_UNUSED_VARIABLE = YES;
				IPHONEOS_DEPLOYMENT_TARGET = 11.2;
				MTL_ENABLE_DEBUG_INFO = NO;
				SDKROOT = iphoneos;
				VALIDATE_PRODUCT = YES;
			};
			name = Release;
		};
		93B09B6B205F815F006D9EA7 /* Debug */ = {
			isa = XCBuildConfiguration;
			buildSettings = {
				ASSETCATALOG_COMPILER_APPICON_NAME = AppIcon;
				CODE_SIGN_STYLE = Automatic;
				DEVELOPMENT_TEAM = J262U3BHSG;
				INFOPLIST_FILE = ARkitFaceExample/Info.plist;
				LD_RUNPATH_SEARCH_PATHS = "$(inherited) @executable_path/Frameworks";
				PRODUCT_BUNDLE_IDENTIFIER = Wence.ARkitFaceExample;
				PRODUCT_NAME = "$(TARGET_NAME)";
				TARGETED_DEVICE_FAMILY = "1,2";
			};
			name = Debug;
		};
		93B09B6C205F815F006D9EA7 /* Release */ = {
			isa = XCBuildConfiguration;
			buildSettings = {
				ASSETCATALOG_COMPILER_APPICON_NAME = AppIcon;
				CODE_SIGN_STYLE = Automatic;
				DEVELOPMENT_TEAM = J262U3BHSG;
				INFOPLIST_FILE = ARkitFaceExample/Info.plist;
				LD_RUNPATH_SEARCH_PATHS = "$(inherited) @executable_path/Frameworks";
				PRODUCT_BUNDLE_IDENTIFIER = Wence.ARkitFaceExample;
				PRODUCT_NAME = "$(TARGET_NAME)";
				TARGETED_DEVICE_FAMILY = "1,2";
			};
			name = Release;
		};
		93B09B6E205F815F006D9EA7 /* Debug */ = {
			isa = XCBuildConfiguration;
			buildSettings = {
				BUNDLE_LOADER = "$(TEST_HOST)";
				CODE_SIGN_STYLE = Automatic;
				DEVELOPMENT_TEAM = J262U3BHSG;
				INFOPLIST_FILE = ARkitFaceExampleTests/Info.plist;
				LD_RUNPATH_SEARCH_PATHS = "$(inherited) @executable_path/Frameworks @loader_path/Frameworks";
				PRODUCT_BUNDLE_IDENTIFIER = Wence.ARkitFaceExampleTests;
				PRODUCT_NAME = "$(TARGET_NAME)";
				TARGETED_DEVICE_FAMILY = "1,2";
				TEST_HOST = "$(BUILT_PRODUCTS_DIR)/ARkitFaceExample.app/ARkitFaceExample";
			};
			name = Debug;
		};
		93B09B6F205F815F006D9EA7 /* Release */ = {
			isa = XCBuildConfiguration;
			buildSettings = {
				BUNDLE_LOADER = "$(TEST_HOST)";
				CODE_SIGN_STYLE = Automatic;
				DEVELOPMENT_TEAM = J262U3BHSG;
				INFOPLIST_FILE = ARkitFaceExampleTests/Info.plist;
				LD_RUNPATH_SEARCH_PATHS = "$(inherited) @executable_path/Frameworks @loader_path/Frameworks";
				PRODUCT_BUNDLE_IDENTIFIER = Wence.ARkitFaceExampleTests;
				PRODUCT_NAME = "$(TARGET_NAME)";
				TARGETED_DEVICE_FAMILY = "1,2";
				TEST_HOST = "$(BUILT_PRODUCTS_DIR)/ARkitFaceExample.app/ARkitFaceExample";
			};
			name = Release;
		};
		93B09B71205F815F006D9EA7 /* Debug */ = {
			isa = XCBuildConfiguration;
			buildSettings = {
				CODE_SIGN_STYLE = Automatic;
				DEVELOPMENT_TEAM = J262U3BHSG;
				INFOPLIST_FILE = ARkitFaceExampleUITests/Info.plist;
				LD_RUNPATH_SEARCH_PATHS = "$(inherited) @executable_path/Frameworks @loader_path/Frameworks";
				PRODUCT_BUNDLE_IDENTIFIER = Wence.ARkitFaceExampleUITests;
				PRODUCT_NAME = "$(TARGET_NAME)";
				TARGETED_DEVICE_FAMILY = "1,2";
				TEST_TARGET_NAME = ARkitFaceExample;
			};
			name = Debug;
		};
		93B09B72205F815F006D9EA7 /* Release */ = {
			isa = XCBuildConfiguration;
			buildSettings = {
				CODE_SIGN_STYLE = Automatic;
				DEVELOPMENT_TEAM = J262U3BHSG;
				INFOPLIST_FILE = ARkitFaceExampleUITests/Info.plist;
				LD_RUNPATH_SEARCH_PATHS = "$(inherited) @executable_path/Frameworks @loader_path/Frameworks";
				PRODUCT_BUNDLE_IDENTIFIER = Wence.ARkitFaceExampleUITests;
				PRODUCT_NAME = "$(TARGET_NAME)";
				TARGETED_DEVICE_FAMILY = "1,2";
				TEST_TARGET_NAME = ARkitFaceExample;
			};
			name = Release;
		};
/* End XCBuildConfiguration section */

/* Begin XCConfigurationList section */
		93B09B39205F815E006D9EA7 /* Build configuration list for PBXProject "ARkitFaceExample" */ = {
			isa = XCConfigurationList;
			buildConfigurations = (
				93B09B68205F815F006D9EA7 /* Debug */,
				93B09B69205F815F006D9EA7 /* Release */,
			);
			defaultConfigurationIsVisible = 0;
			defaultConfigurationName = Release;
		};
		93B09B6A205F815F006D9EA7 /* Build configuration list for PBXNativeTarget "ARkitFaceExample" */ = {
			isa = XCConfigurationList;
			buildConfigurations = (
				93B09B6B205F815F006D9EA7 /* Debug */,
				93B09B6C205F815F006D9EA7 /* Release */,
			);
			defaultConfigurationIsVisible = 0;
			defaultConfigurationName = Release;
		};
		93B09B6D205F815F006D9EA7 /* Build configuration list for PBXNativeTarget "ARkitFaceExampleTests" */ = {
			isa = XCConfigurationList;
			buildConfigurations = (
				93B09B6E205F815F006D9EA7 /* Debug */,
				93B09B6F205F815F006D9EA7 /* Release */,
			);
			defaultConfigurationIsVisible = 0;
			defaultConfigurationName = Release;
		};
		93B09B70205F815F006D9EA7 /* Build configuration list for PBXNativeTarget "ARkitFaceExampleUITests" */ = {
			isa = XCConfigurationList;
			buildConfigurations = (
				93B09B71205F815F006D9EA7 /* Debug */,
				93B09B72205F815F006D9EA7 /* Release */,
			);
			defaultConfigurationIsVisible = 0;
			defaultConfigurationName = Release;
		};
/* End XCConfigurationList section */
	};
	rootObject = 93B09B36205F815E006D9EA7 /* Project object */;
}
